
Microsoft Visual Studio Solution File, Format Version 12.00
# Visual Studio 2013
VisualStudioVersion = 12.0.31101.0
MinimumVisualStudioVersion = 10.0.40219.1
Project("{2150E333-8FDC-42A3-9474-1A3956D46DE8}") = "RSSFeedReader", "RSSFeedReader", "{CE44567F-4C6F-46D4-84F8-5AB54C1F5FBE}"
EndProject
Project("{D954291E-2A0B-460D-934E-DC6B0785DB48}") = "RSSFeedReader.Shared", "RSSFeedReader\RSSFeedReader.Shared\RSSFeedReader.Shared.shproj", "{31765F76-5610-4AA7-97A2-CC7F337E24C5}"
EndProject
Project("{FAE04EC0-301F-11D3-BF4B-00C04F79EFBC}") = "RSSFeedReader.Windows", "RSSFeedReader\RSSFeedReader.Windows\RSSFeedReader.Windows.csproj", "{28845DDB-CDD5-453B-B529-996316048174}"
EndProject
Project("{FAE04EC0-301F-11D3-BF4B-00C04F79EFBC}") = "RSSFeedReader.WindowsPhone", "RSSFeedReader\RSSFeedReader.WindowsPhone\RSSFeedReader.WindowsPhone.csproj", "{052DF988-337A-4582-BF73-676622ADF9B7}"
EndProject
Project("{2150E333-8FDC-42A3-9474-1A3956D46DE8}") = ".nuget", ".nuget", "{1188A4BF-8B0D-4C31-8909-0A600111E179}"
	ProjectSection(SolutionItems) = preProject
		.nuget\NuGet.Config = .nuget\NuGet.Config
		.nuget\NuGet.exe = .nuget\NuGet.exe
		.nuget\NuGet.targets = .nuget\NuGet.targets
	EndProjectSection
EndProject
Global
	GlobalSection(SharedMSBuildProjectFiles) = preSolution
		RSSFeedReader\RSSFeedReader.Shared\RSSFeedReader.Shared.projitems*{31765f76-5610-4aa7-97a2-cc7f337e24c5}*SharedItemsImports = 13
		RSSFeedReader\RSSFeedReader.Shared\RSSFeedReader.Shared.projitems*{052df988-337a-4582-bf73-676622adf9b7}*SharedItemsImports = 4
		RSSFeedReader\RSSFeedReader.Shared\RSSFeedReader.Shared.projitems*{28845ddb-cdd5-453b-b529-996316048174}*SharedItemsImports = 4
	EndGlobalSection
	GlobalSection(SolutionConfigurationPlatforms) = preSolution
		Debug|Any CPU = Debug|Any CPU
		Debug|ARM = Debug|ARM
		Debug|x64 = Debug|x64
		Debug|x86 = Debug|x86
		Release|Any CPU = Release|Any CPU
		Release|ARM = Release|ARM
		Release|x64 = Release|x64
		Release|x86 = Release|x86
	EndGlobalSection
	GlobalSection(ProjectConfigurationPlatforms) = postSolution
		{28845DDB-CDD5-453B-B529-996316048174}.Debug|Any CPU.ActiveCfg = Debug|Any CPU
		{28845DDB-CDD5-453B-B529-996316048174}.Debug|Any CPU.Build.0 = Debug|Any CPU
		{28845DDB-CDD5-453B-B529-996316048174}.Debug|Any CPU.Deploy.0 = Debug|Any CPU
		{28845DDB-CDD5-453B-B529-996316048174}.Debug|ARM.ActiveCfg = Debug|ARM
		{28845DDB-CDD5-453B-B529-996316048174}.Debug|ARM.Build.0 = Debug|ARM
		{28845DDB-CDD5-453B-B529-996316048174}.Debug|ARM.Deploy.0 = Debug|ARM
		{28845DDB-CDD5-453B-B529-996316048174}.Debug|x64.ActiveCfg = Debug|x64
		{28845DDB-CDD5-453B-B529-996316048174}.Debug|x64.Build.0 = Debug|x64
		{28845DDB-CDD5-453B-B529-996316048174}.Debug|x64.Deploy.0 = Debug|x64
		{28845DDB-CDD5-453B-B529-996316048174}.Debug|x86.ActiveCfg = Debug|x86
		{28845DDB-CDD5-453B-B529-996316048174}.Debug|x86.Build.0 = Debug|x86
		{28845DDB-CDD5-453B-B529-996316048174}.Debug|x86.Deploy.0 = Debug|x86
		{28845DDB-CDD5-453B-B529-996316048174}.Release|Any CPU.ActiveCfg = Release|Any CPU
		{28845DDB-CDD5-453B-B529-996316048174}.Release|Any CPU.Build.0 = Release|Any CPU
		{28845DDB-CDD5-453B-B529-996316048174}.Release|Any CPU.Deploy.0 = Release|Any CPU
		{28845DDB-CDD5-453B-B529-996316048174}.Release|ARM.ActiveCfg = Release|ARM
		{28845DDB-CDD5-453B-B529-996316048174}.Release|ARM.Build.0 = Release|ARM
		{28845DDB-CDD5-453B-B529-996316048174}.Release|ARM.Deploy.0 = Release|ARM
		{28845DDB-CDD5-453B-B529-996316048174}.Release|x64.ActiveCfg = Release|x64
		{28845DDB-CDD5-453B-B529-996316048174}.Release|x64.Build.0 = Release|x64
		{28845DDB-CDD5-453B-B529-996316048174}.Release|x64.Deploy.0 = Release|x64
		{28845DDB-CDD5-453B-B529-996316048174}.Release|x86.ActiveCfg = Release|x86
		{28845DDB-CDD5-453B-B529-996316048174}.Release|x86.Build.0 = Release|x86
		{28845DDB-CDD5-453B-B529-996316048174}.Release|x86.Deploy.0 = Release|x86
		{052DF988-337A-4582-BF73-676622ADF9B7}.Debug|Any CPU.ActiveCfg = Debug|Any CPU
		{052DF988-337A-4582-BF73-676622ADF9B7}.Debug|Any CPU.Build.0 = Debug|Any CPU
		{052DF988-337A-4582-BF73-676622ADF9B7}.Debug|Any CPU.Deploy.0 = Debug|Any CPU
		{052DF988-337A-4582-BF73-676622ADF9B7}.Debug|ARM.ActiveCfg = Debug|ARM
		{052DF988-337A-4582-BF73-676622ADF9B7}.Debug|ARM.Build.0 = Debug|ARM
		{052DF988-337A-4582-BF73-676622ADF9B7}.Debug|ARM.Deploy.0 = Debug|ARM
		{052DF988-337A-4582-BF73-676622ADF9B7}.Debug|x64.ActiveCfg = Debug|Any CPU
		{052DF988-337A-4582-BF73-676622ADF9B7}.Debug|x86.ActiveCfg = Debug|x86
		{052DF988-337A-4582-BF73-676622ADF9B7}.Debug|x86.Build.0 = Debug|x86
		{052DF988-337A-4582-BF73-676622ADF9B7}.Debug|x86.Deploy.0 = Debug|x86
		{052DF988-337A-4582-BF73-676622ADF9B7}.Release|Any CPU.ActiveCfg = Release|Any CPU
		{052DF988-337A-4582-BF73-676622ADF9B7}.Release|Any CPU.Build.0 = Release|Any CPU
		{052DF988-337A-4582-BF73-676622ADF9B7}.Release|Any CPU.Deploy.0 = Release|Any CPU
		{052DF988-337A-4582-BF73-676622ADF9B7}.Release|ARM.ActiveCfg = Release|ARM
		{052DF988-337A-4582-BF73-676622ADF9B7}.Release|ARM.Build.0 = Release|ARM
		{052DF988-337A-4582-BF73-676622ADF9B7}.Release|ARM.Deploy.0 = Release|ARM
		{052DF988-337A-4582-BF73-676622ADF9B7}.Release|x64.ActiveCfg = Release|Any CPU
		{052DF988-337A-4582-BF73-676622ADF9B7}.Release|x86.ActiveCfg = Release|x86
		{052DF988-337A-4582-BF73-676622ADF9B7}.Release|x86.Build.0 = Release|x86
		{052DF988-337A-4582-BF73-676622ADF9B7}.Release|x86.Deploy.0 = Release|x86
	EndGlobalSection
	GlobalSection(SolutionProperties) = preSolution
		HideSolutionNode = FALSE
	EndGlobalSection
	GlobalSection(NestedProjects) = preSolution
		{31765F76-5610-4AA7-97A2-CC7F337E24C5} = {CE44567F-4C6F-46D4-84F8-5AB54C1F5FBE}
		{28845DDB-CDD5-453B-B529-996316048174} = {CE44567F-4C6F-46D4-84F8-5AB54C1F5FBE}
		{052DF988-337A-4582-BF73-676622ADF9B7} = {CE44567F-4C6F-46D4-84F8-5AB54C1F5FBE}
	EndGlobalSection
EndGlobal
